
Microsoft Visual Studio Solution File, Format Version 12.00
# Visual Studio Version 16
VisualStudioVersion = 16.0.30717.126
MinimumVisualStudioVersion = 10.0.40219.1
Project("{FAE04EC0-301F-11D3-BF4B-00C04F79EFBC}") = "ALG2", "ALG2\ALG2.csproj", "{EEFA5AB1-E3DF-49E0-BB06-44A010B1C228}"
EndProject
Global
	GlobalSection(SolutionConfigurationPlatforms) = preSolution
		Debug|Any CPU = Debug|Any CPU
		Release|Any CPU = Release|Any CPU
	EndGlobalSection
	GlobalSection(ProjectConfigurationPlatforms) = postSolution
		{EEFA5AB1-E3DF-49E0-BB06-44A010B1C228}.Debug|Any CPU.ActiveCfg = Debug|Any CPU
		{EEFA5AB1-E3DF-49E0-BB06-44A010B1C228}.Debug|Any CPU.Build.0 = Debug|Any CPU
		{EEFA5AB1-E3DF-49E0-BB06-44A010B1C228}.Release|Any CPU.ActiveCfg = Release|Any CPU
		{EEFA5AB1-E3DF-49E0-BB06-44A010B1C228}.Release|Any CPU.Build.0 = Release|Any CPU
	EndGlobalSection
	GlobalSection(SolutionProperties) = preSolution
		HideSolutionNode = FALSE
	EndGlobalSection
	GlobalSection(ExtensibilityGlobals) = postSolution
		SolutionGuid = {21C4E68D-660B-4779-B729-0E9578E971EC}
	EndGlobalSection
EndGlobal
